{
  "name": "2021-fall-group-3plus3eq7",
  "lockfileVersion": 2,
  "requires": true,
  "packages": {
    "": {
      "dependencies": {
        "jquery-csv": "^1.0.21",
        "papaparse": "^5.3.1"
      }
    },
    "node_modules/jquery-csv": {
      "version": "1.0.21",
      "resolved": "https://registry.npmjs.org/jquery-csv/-/jquery-csv-1.0.21.tgz",
      "integrity": "sha512-uDIFsJcC4xZEofK9pk3hwFQlyqf3FFwkQq6JIa882lf0pu/S0H4LqjCAEaULGM0uOcdCbGbMBh3b3LmPtF1a9A=="
    },
    "node_modules/papaparse": {
      "version": "5.3.1",
      "resolved": "https://registry.npmjs.org/papaparse/-/papaparse-5.3.1.tgz",
      "integrity": "sha512-Dbt2yjLJrCwH2sRqKFFJaN5XgIASO9YOFeFP8rIBRG2Ain8mqk5r1M6DkfvqEVozVcz3r3HaUGw253hA1nLIcA=="
    }
  },
  "dependencies": {
    "jquery-csv": {
      "version": "1.0.21",
      "resolved": "https://registry.npmjs.org/jquery-csv/-/jquery-csv-1.0.21.tgz",
      "integrity": "sha512-uDIFsJcC4xZEofK9pk3hwFQlyqf3FFwkQq6JIa882lf0pu/S0H4LqjCAEaULGM0uOcdCbGbMBh3b3LmPtF1a9A=="
    },
    "papaparse": {
      "version": "5.3.1",
      "resolved": "https://registry.npmjs.org/papaparse/-/papaparse-5.3.1.tgz",
      "integrity": "sha512-Dbt2yjLJrCwH2sRqKFFJaN5XgIASO9YOFeFP8rIBRG2Ain8mqk5r1M6DkfvqEVozVcz3r3HaUGw253hA1nLIcA=="
    }
  }
}
